// !$*UTF8*$!
{
	archiveVersion = 1;
	classes = {
	};
	objectVersion = 77;
	objects = {

/* Begin PBXBuildFile section */
		5AD46BFBAE29EC289131CEE6 /* Pods_NeonApp.framework in Frameworks */ = {isa = PBXBuildFile; fileRef = FF681A2D2D0BA02B0DBB9334 /* Pods_NeonApp.framework */; };
		7F979E0897000D76736BDE10 /* Pods_NeonAppTests.framework in Frameworks */ = {isa = PBXBuildFile; fileRef = 19805F588497DBD38E3F409F /* Pods_NeonAppTests.framework */; };
		EC1932E52A3A55C7261379A1 /* Pods_NeonAppUITests.framework in Frameworks */ = {isa = PBXBuildFile; fileRef = 8A0B731B27186608132B7C9F /* Pods_NeonAppUITests.framework */; };
/* End PBXBuildFile section */

/* Begin PBXContainerItemProxy section */
		A55827422F41F31A009F639E /* PBXContainerItemProxy */ = {
			isa = PBXContainerItemProxy;
			containerPortal = A55827232F41F319009F639E /* Project object */;
			proxyType = 1;
			remoteGlobalIDString = A558272A2F41F319009F639E;
			remoteInfo = NeonApp;
		};
		A558274C2F41F31A009F639E /* PBXContainerItemProxy */ = {
			isa = PBXContainerItemProxy;
			containerPortal = A55827232F41F319009F639E /* Project object */;
			proxyType = 1;
			remoteGlobalIDString = A558272A2F41F319009F639E;
			remoteInfo = NeonApp;
		};
/* End PBXContainerItemProxy section */

/* Begin PBXFileReference section */
		092D0964FB7BFFB0877323B5 /* Pods-NeonAppTests.debug.xcconfig */ = {isa = PBXFileReference; includeInIndex = 1; lastKnownFileType = text.xcconfig; name = "Pods-NeonAppTests.debug.xcconfig"; path = "Target Support Files/Pods-NeonAppTests/Pods-NeonAppTests.debug.xcconfig"; sourceTree = "<group>"; };
		19805F588497DBD38E3F409F /* Pods_NeonAppTests.framework */ = {isa = PBXFileReference; explicitFileType = wrapper.framework; includeInIndex = 0; path = Pods_NeonAppTests.framework; sourceTree = BUILT_PRODUCTS_DIR; };
		309EDB7D7A0771F58985BCFE /* Pods-NeonApp.release.xcconfig */ = {isa = PBXFileReference; includeInIndex = 1; lastKnownFileType = text.xcconfig; name = "Pods-NeonApp.release.xcconfig"; path = "Target Support Files/Pods-NeonApp/Pods-NeonApp.release.xcconfig"; sourceTree = "<group>"; };
		30AE23CE68AAC8C3E43CE9D2 /* Pods-NeonAppTests.release.xcconfig */ = {isa = PBXFileReference; includeInIndex = 1; lastKnownFileType = text.xcconfig; name = "Pods-NeonAppTests.release.xcconfig"; path = "Target Support Files/Pods-NeonAppTests/Pods-NeonAppTests.release.xcconfig"; sourceTree = "<group>"; };
		65BF31461E1295BEA8CA4ACC /* Pods-NeonAppUITests.release.xcconfig */ = {isa = PBXFileReference; includeInIndex = 1; lastKnownFileType = text.xcconfig; name = "Pods-NeonAppUITests.release.xcconfig"; path = "Target Support Files/Pods-NeonAppUITests/Pods-NeonAppUITests.release.xcconfig"; sourceTree = "<group>"; };
		8A0B731B27186608132B7C9F /* Pods_NeonAppUITests.framework */ = {isa = PBXFileReference; explicitFileType = wrapper.framework; includeInIndex = 0; path = Pods_NeonAppUITests.framework; sourceTree = BUILT_PRODUCTS_DIR; };
		A558272B2F41F319009F639E /* NeonApp.app */ = {isa = PBXFileReference; explicitFileType = wrapper.application; includeInIndex = 0; path = NeonApp.app; sourceTree = BUILT_PRODUCTS_DIR; };
		A55827412F41F31A009F639E /* NeonAppTests.xctest */ = {isa = PBXFileReference; explicitFileType = wrapper.cfbundle; includeInIndex = 0; path = NeonAppTests.xctest; sourceTree = BUILT_PRODUCTS_DIR; };
		A558274B2F41F31A009F639E /* NeonAppUITests.xctest */ = {isa = PBXFileReference; explicitFileType = wrapper.cfbundle; includeInIndex = 0; path = NeonAppUITests.xctest; sourceTree = BUILT_PRODUCTS_DIR; };
		DC4499ABE98896F59F6DDC7C /* Pods-NeonApp.debug.xcconfig */ = {isa = PBXFileReference; includeInIndex = 1; lastKnownFileType = text.xcconfig; name = "Pods-NeonApp.debug.xcconfig"; path = "Target Support Files/Pods-NeonApp/Pods-NeonApp.debug.xcconfig"; sourceTree = "<group>"; };
		F84D354D313F100552C9DF35 /* Pods-NeonAppUITests.debug.xcconfig */ = {isa = PBXFileReference; includeInIndex = 1; lastKnownFileType = text.xcconfig; name = "Pods-NeonAppUITests.debug.xcconfig"; path = "Target Support Files/Pods-NeonAppUITests/Pods-NeonAppUITests.debug.xcconfig"; sourceTree = "<group>"; };
		FF681A2D2D0BA02B0DBB9334 /* Pods_NeonApp.framework */ = {isa = PBXFileReference; explicitFileType = wrapper.framework; includeInIndex = 0; path = Pods_NeonApp.framework; sourceTree = BUILT_PRODUCTS_DIR; };
/* End PBXFileReference section */

/* Begin PBXFileSystemSynchronizedBuildFileExceptionSet section */
		A55827532F41F31A009F639E /* Exceptions for "NeonApp" folder in "NeonApp" target */ = {
			isa = PBXFileSystemSynchronizedBuildFileExceptionSet;
			membershipExceptions = (
				Info.plist,
			);
			target = A558272A2F41F319009F639E /* NeonApp */;
		};
/* End PBXFileSystemSynchronizedBuildFileExceptionSet section */

/* Begin PBXFileSystemSynchronizedRootGroup section */
		A558272D2F41F319009F639E /* NeonApp */ = {
			isa = PBXFileSystemSynchronizedRootGroup;
			exceptions = (
				A55827532F41F31A009F639E /* Exceptions for "NeonApp" folder in "NeonApp" target */,
			);
			path = NeonApp;
			sourceTree = "<group>";
		};
		A55827442F41F31A009F639E /* NeonAppTests */ = {
			isa = PBXFileSystemSynchronizedRootGroup;
			exceptions = (
			);
			path = NeonAppTests;
			sourceTree = "<group>";
		};
		A558274E2F41F31A009F639E /* NeonAppUITests */ = {
			isa = PBXFileSystemSynchronizedRootGroup;
			exceptions = (
			);
			path = NeonAppUITests;
			sourceTree = "<group>";
		};
/* End PBXFileSystemSynchronizedRootGroup section */

/* Begin PBXFrameworksBuildPhase section */
		A55827282F41F319009F639E /* Frameworks */ = {
			isa = PBXFrameworksBuildPhase;
			buildActionMask = 2147483647;
			files = (
				5AD46BFBAE29EC289131CEE6 /* Pods_NeonApp.framework in Frameworks */,
			);
			runOnlyForDeploymentPostprocessing = 0;
		};
		A558273E2F41F31A009F639E /* Frameworks */ = {
			isa = PBXFrameworksBuildPhase;
			buildActionMask = 2147483647;
			files = (
				7F979E0897000D76736BDE10 /* Pods_NeonAppTests.framework in Frameworks */,
			);
			runOnlyForDeploymentPostprocessing = 0;
		};
		A55827482F41F31A009F639E /* Frameworks */ = {
			isa = PBXFrameworksBuildPhase;
			buildActionMask = 2147483647;
			files = (
				EC1932E52A3A55C7261379A1 /* Pods_NeonAppUITests.framework in Frameworks */,
			);
			runOnlyForDeploymentPostprocessing = 0;
		};
/* End PBXFrameworksBuildPhase section */

/* Begin PBXGroup section */
		40C27E6CD6992F6FFEEEB578 /* Pods */ = {
			isa = PBXGroup;
			children = (
				DC4499ABE98896F59F6DDC7C /* Pods-NeonApp.debug.xcconfig */,
				309EDB7D7A0771F58985BCFE /* Pods-NeonApp.release.xcconfig */,
				092D0964FB7BFFB0877323B5 /* Pods-NeonAppTests.debug.xcconfig */,
				30AE23CE68AAC8C3E43CE9D2 /* Pods-NeonAppTests.release.xcconfig */,
				F84D354D313F100552C9DF35 /* Pods-NeonAppUITests.debug.xcconfig */,
				65BF31461E1295BEA8CA4ACC /* Pods-NeonAppUITests.release.xcconfig */,
			);
			name = Pods;
			path = Pods;
			sourceTree = "<group>";
		};
		6DCC63B6061B7F195274B8F7 /* Frameworks */ = {
			isa = PBXGroup;
			children = (
				FF681A2D2D0BA02B0DBB9334 /* Pods_NeonApp.framework */,
				19805F588497DBD38E3F409F /* Pods_NeonAppTests.framework */,
				8A0B731B27186608132B7C9F /* Pods_NeonAppUITests.framework */,
			);
			name = Frameworks;
			sourceTree = "<group>";
		};
		A55827222F41F319009F639E = {
			isa = PBXGroup;
			children = (
				A558272D2F41F319009F639E /* NeonApp */,
				A55827442F41F31A009F639E /* NeonAppTests */,
				A558274E2F41F31A009F639E /* NeonAppUITests */,
				A558272C2F41F319009F639E /* Products */,
				40C27E6CD6992F6FFEEEB578 /* Pods */,
				6DCC63B6061B7F195274B8F7 /* Frameworks */,
			);
			sourceTree = "<group>";
		};
		A558272C2F41F319009F639E /* Products */ = {
			isa = PBXGroup;
			children = (
				A558272B2F41F319009F639E /* NeonApp.app */,
				A55827412F41F31A009F639E /* NeonAppTests.xctest */,
				A558274B2F41F31A009F639E /* NeonAppUITests.xctest */,
			);
			name = Products;
			sourceTree = "<group>";
		};
/* End PBXGroup section */

/* Begin PBXNativeTarget section */
		A558272A2F41F319009F639E /* NeonApp */ = {
			isa = PBXNativeTarget;
			buildConfigurationList = A55827542F41F31A009F639E /* Build configuration list for PBXNativeTarget "NeonApp" */;
			buildPhases = (
				D5B7FC9F696664408B0DC4B3 /* [CP] Check Pods Manifest.lock */,
				A55827272F41F319009F639E /* Sources */,
				A55827282F41F319009F639E /* Frameworks */,
				A55827292F41F319009F639E /* Resources */,
			);
			buildRules = (
			);
			dependencies = (
			);
			fileSystemSynchronizedGroups = (
				A558272D2F41F319009F639E /* NeonApp */,
			);
			name = NeonApp;
			productName = NeonApp;
			productReference = A558272B2F41F319009F639E /* NeonApp.app */;
			productType = "com.apple.product-type.application";
		};
		A55827402F41F31A009F639E /* NeonAppTests */ = {
			isa = PBXNativeTarget;
			buildConfigurationList = A55827592F41F31A009F639E /* Build configuration list for PBXNativeTarget "NeonAppTests" */;
			buildPhases = (
				980CE8E4A45ABB41FC1DD47F /* [CP] Check Pods Manifest.lock */,
				A558273D2F41F31A009F639E /* Sources */,
				A558273E2F41F31A009F639E /* Frameworks */,
				A558273F2F41F31A009F639E /* Resources */,
			);
			buildRules = (
			);
			dependencies = (
				A55827432F41F31A009F639E /* PBXTargetDependency */,
			);
			fileSystemSynchronizedGroups = (
				A55827442F41F31A009F639E /* NeonAppTests */,
			);
			name = NeonAppTests;
			productName = NeonAppTests;
			productReference = A55827412F41F31A009F639E /* NeonAppTests.xctest */;
			productType = "com.apple.product-type.bundle.unit-test";
		};
		A558274A2F41F31A009F639E /* NeonAppUITests */ = {
			isa = PBXNativeTarget;
			buildConfigurationList = A558275C2F41F31A009F639E /* Build configuration list for PBXNativeTarget "NeonAppUITests" */;
			buildPhases = (
				7C26DFD87BFA35A1708636B2 /* [CP] Check Pods Manifest.lock */,
				A55827472F41F31A009F639E /* Sources */,
				A55827482F41F31A009F639E /* Frameworks */,
				A55827492F41F31A009F639E /* Resources */,
			);
			buildRules = (
			);
			dependencies = (
				A558274D2F41F31A009F639E /* PBXTargetDependency */,
			);
			fileSystemSynchronizedGroups = (
				A558274E2F41F31A009F639E /* NeonAppUITests */,
			);
			name = NeonAppUITests;
			productName = NeonAppUITests;
			productReference = A558274B2F41F31A009F639E /* NeonAppUITests.xctest */;
			productType = "com.apple.product-type.bundle.ui-testing";
		};
/* End PBXNativeTarget section */

/* Begin PBXProject section */
		A55827232F41F319009F639E /* Project object */ = {
			isa = PBXProject;
			attributes = {
				BuildIndependentTargetsInParallel = 1;
				LastSwiftUpdateCheck = 2620;
				LastUpgradeCheck = 2620;
				TargetAttributes = {
					A558272A2F41F319009F639E = {
						CreatedOnToolsVersion = 26.2;
					};
					A55827402F41F31A009F639E = {
						CreatedOnToolsVersion = 26.2;
						TestTargetID = A558272A2F41F319009F639E;
					};
					A558274A2F41F31A009F639E = {
						CreatedOnToolsVersion = 26.2;
						TestTargetID = A558272A2F41F319009F639E;
					};
				};
			};
			buildConfigurationList = A55827262F41F319009F639E /* Build configuration list for PBXProject "NeonApp" */;
			developmentRegion = en;
			hasScannedForEncodings = 0;
			knownRegions = (
				en,
				Base,
			);
			mainGroup = A55827222F41F319009F639E;
			minimizedProjectReferenceProxies = 1;
			preferredProjectObjectVersion = 77;
			productRefGroup = A558272C2F41F319009F639E /* Products */;
			projectDirPath = "";
			projectRoot = "";
			targets = (
				A558272A2F41F319009F639E /* NeonApp */,
				A55827402F41F31A009F639E /* NeonAppTests */,
				A558274A2F41F31A009F639E /* NeonAppUITests */,
			);
		};
/* End PBXProject section */

/* Begin PBXResourcesBuildPhase section */
		A55827292F41F319009F639E /* Resources */ = {
			isa = PBXResourcesBuildPhase;
			buildActionMask = 2147483647;
			files = (
			);
			runOnlyForDeploymentPostprocessing = 0;
		};
		A558273F2F41F31A009F639E /* Resources */ = {
			isa = PBXResourcesBuildPhase;
			buildActionMask = 2147483647;
			files = (
			);
			runOnlyForDeploymentPostprocessing = 0;
		};
		A55827492F41F31A009F639E /* Resources */ = {
			isa = PBXResourcesBuildPhase;
			buildActionMask = 2147483647;
			files = (
			);
			runOnlyForDeploymentPostprocessing = 0;
		};
/* End PBXResourcesBuildPhase section */

/* Begin PBXShellScriptBuildPhase section */
		7C26DFD87BFA35A1708636B2 /* [CP] Check Pods Manifest.lock */ = {
			isa = PBXShellScriptBuildPhase;
			buildActionMask = 2147483647;
			files = (
			);
			inputFileListPaths = (
			);
			inputPaths = (
				"${PODS_PODFILE_DIR_PATH}/Podfile.lock",
				"${PODS_ROOT}/Manifest.lock",
			);
			name = "[CP] Check Pods Manifest.lock";
			outputFileListPaths = (
			);
			outputPaths = (
				"$(DERIVED_FILE_DIR)/Pods-NeonAppUITests-checkManifestLockResult.txt",
			);
			runOnlyForDeploymentPostprocessing = 0;
			shellPath = /bin/sh;
			shellScript = "diff \"${PODS_PODFILE_DIR_PATH}/Podfile.lock\" \"${PODS_ROOT}/Manifest.lock\" > /dev/null\nif [ $? != 0 ] ; then\n    # print error to STDERR\n    echo \"error: The sandbox is not in sync with the Podfile.lock. Run 'pod install' or update your CocoaPods installation.\" >&2\n    exit 1\nfi\n# This output is used by Xcode 'outputs' to avoid re-running this script phase.\necho \"SUCCESS\" > \"${SCRIPT_OUTPUT_FILE_0}\"\n";
			showEnvVarsInLog = 0;
		};
		980CE8E4A45ABB41FC1DD47F /* [CP] Check Pods Manifest.lock */ = {
			isa = PBXShellScriptBuildPhase;
			buildActionMask = 2147483647;
			files = (
			);
			inputFileListPaths = (
			);
			inputPaths = (
				"${PODS_PODFILE_DIR_PATH}/Podfile.lock",
				"${PODS_ROOT}/Manifest.lock",
			);
			name = "[CP] Check Pods Manifest.lock";
			outputFileListPaths = (
			);
			outputPaths = (
				"$(DERIVED_FILE_DIR)/Pods-NeonAppTests-checkManifestLockResult.txt",
			);
			runOnlyForDeploymentPostprocessing = 0;
			shellPath = /bin/sh;
			shellScript = "diff \"${PODS_PODFILE_DIR_PATH}/Podfile.lock\" \"${PODS_ROOT}/Manifest.lock\" > /dev/null\nif [ $? != 0 ] ; then\n    # print error to STDERR\n    echo \"error: The sandbox is not in sync with the Podfile.lock. Run 'pod install' or update your CocoaPods installation.\" >&2\n    exit 1\nfi\n# This output is used by Xcode 'outputs' to avoid re-running this script phase.\necho \"SUCCESS\" > \"${SCRIPT_OUTPUT_FILE_0}\"\n";
			showEnvVarsInLog = 0;
		};
		D5B7FC9F696664408B0DC4B3 /* [CP] Check Pods Manifest.lock */ = {
			isa = PBXShellScriptBuildPhase;
			buildActionMask = 2147483647;
			files = (
			);
			inputFileListPaths = (
			);
			inputPaths = (
				"${PODS_PODFILE_DIR_PATH}/Podfile.lock",
				"${PODS_ROOT}/Manifest.lock",
			);
			name = "[CP] Check Pods Manifest.lock";
			outputFileListPaths = (
			);
			outputPaths = (
				"$(DERIVED_FILE_DIR)/Pods-NeonApp-checkManifestLockResult.txt",
			);
			runOnlyForDeploymentPostprocessing = 0;
			shellPath = /bin/sh;
			shellScript = "diff \"${PODS_PODFILE_DIR_PATH}/Podfile.lock\" \"${PODS_ROOT}/Manifest.lock\" > /dev/null\nif [ $? != 0 ] ; then\n    # print error to STDERR\n    echo \"error: The sandbox is not in sync with the Podfile.lock. Run 'pod install' or update your CocoaPods installation.\" >&2\n    exit 1\nfi\n# This output is used by Xcode 'outputs' to avoid re-running this script phase.\necho \"SUCCESS\" > \"${SCRIPT_OUTPUT_FILE_0}\"\n";
			showEnvVarsInLog = 0;
		};
/* End PBXShellScriptBuildPhase section */

/* Begin PBXSourcesBuildPhase section */
		A55827272F41F319009F639E /* Sources */ = {
			isa = PBXSourcesBuildPhase;
			buildActionMask = 2147483647;
			files = (
			);
			runOnlyForDeploymentPostprocessing = 0;
		};
		A558273D2F41F31A009F639E /* Sources */ = {
			isa = PBXSourcesBuildPhase;
			buildActionMask = 2147483647;
			files = (
			);
			runOnlyForDeploymentPostprocessing = 0;
		};
		A55827472F41F31A009F639E /* Sources */ = {
			isa = PBXSourcesBuildPhase;
			buildActionMask = 2147483647;
			files = (
			);
			runOnlyForDeploymentPostprocessing = 0;
		};
/* End PBXSourcesBuildPhase section */

/* Begin PBXTargetDependency section */
		A55827432F41F31A009F639E /* PBXTargetDependency */ = {
			isa = PBXTargetDependency;
			target = A558272A2F41F319009F639E /* NeonApp */;
			targetProxy = A55827422F41F31A009F639E /* PBXContainerItemProxy */;
		};
		A558274D2F41F31A009F639E /* PBXTargetDependency */ = {
			isa = PBXTargetDependency;
			target = A558272A2F41F319009F639E /* NeonApp */;
			targetProxy = A558274C2F41F31A009F639E /* PBXContainerItemProxy */;
		};
/* End PBXTargetDependency section */

/* Begin XCBuildConfiguration section */
		A55827552F41F31A009F639E /* Debug */ = {
			isa = XCBuildConfiguration;
			baseConfigurationReference = DC4499ABE98896F59F6DDC7C /* Pods-NeonApp.debug.xcconfig */;
			buildSettings = {
				ASSETCATALOG_COMPILER_APPICON_NAME = AppIcon;
				ASSETCATALOG_COMPILER_GLOBAL_ACCENT_COLOR_NAME = AccentColor;
				CODE_SIGN_STYLE = Automatic;
				CURRENT_PROJECT_VERSION = 1;
				DEVELOPMENT_TEAM = 3JZ57KN2BP;
				GENERATE_INFOPLIST_FILE = YES;
				INFOPLIST_FILE = NeonApp/Info.plist;
				INFOPLIST_KEY_UIApplicationSupportsIndirectInputEvents = YES;
				INFOPLIST_KEY_UILaunchStoryboardName = LaunchScreen;
				INFOPLIST_KEY_UIMainStoryboardFile = Main;
				INFOPLIST_KEY_UISupportedInterfaceOrientations_iPad = "UIInterfaceOrientationPortrait UIInterfaceOrientationPortraitUpsideDown UIInterfaceOrientationLandscapeLeft UIInterfaceOrientationLandscapeRight";
				INFOPLIST_KEY_UISupportedInterfaceOrientations_iPhone = "UIInterfaceOrientationPortrait UIInterfaceOrientationLandscapeLeft UIInterfaceOrientationLandscapeRight";
				LD_RUNPATH_SEARCH_PATHS = (
					"$(inherited)",
					"@executable_path/Frameworks",
				);
				MARKETING_VERSION = 1.0;
				PRODUCT_BUNDLE_IDENTIFIER = com.neon.todolist;
				PRODUCT_NAME = "$(TARGET_NAME)";
				STRING_CATALOG_GENERATE_SYMBOLS = YES;
				SWIFT_APPROACHABLE_CONCURRENCY = YES;
				SWIFT_DEFAULT_ACTOR_ISOLATION = MainActor;
				SWIFT_EMIT_LOC_STRINGS = YES;
				SWIFT_UPCOMING_FEATURE_MEMBER_IMPORT_VISIBILITY = YES;
				SWIFT_VERSION = 5.0;
				TARGETED_DEVICE_FAMILY = "1,2";
			};
			name = Debug;
		};
		A55827562F41F31A009F639E /* Release */ = {
			isa = XCBuildConfiguration;
			baseConfigurationReference = 309EDB7D7A0771F58985BCFE /* Pods-NeonApp.release.xcconfig */;
			buildSettings = {
				ASSETCATALOG_COMPILER_APPICON_NAME = AppIcon;
				ASSETCATALOG_COMPILER_GLOBAL_ACCENT_COLOR_NAME = AccentColor;
				CODE_SIGN_STYLE = Automatic;
				CURRENT_PROJECT_VERSION = 1;
				DEVELOPMENT_TEAM = 3JZ57KN2BP;
				GENERATE_INFOPLIST_FILE = YES;
				INFOPLIST_FILE = NeonApp/Info.plist;
				INFOPLIST_KEY_UIApplicationSupportsIndirectInputEvents = YES;
				INFOPLIST_KEY_UILaunchStoryboardName = LaunchScreen;
				INFOPLIST_KEY_UIMainStoryboardFile = Main;
				INFOPLIST_KEY_UISupportedInterfaceOrientations_iPad = "UIInterfaceOrientationPortrait UIInterfaceOrientationPortraitUpsideDown UIInterfaceOrientationLandscapeLeft UIInterfaceOrientationLandscapeRight";
				INFOPLIST_KEY_UISupportedInterfaceOrientations_iPhone = "UIInterfaceOrientationPortrait UIInterfaceOrientationLandscapeLeft UIInterfaceOrientationLandscapeRight";
				LD_RUNPATH_SEARCH_PATHS = (
					"$(inherited)",
					"@executable_path/Frameworks",
				);
				MARKETING_VERSION = 1.0;
				PRODUCT_BUNDLE_IDENTIFIER = com.neon.todolist;
				PRODUCT_NAME = "$(TARGET_NAME)";
				STRING_CATALOG_GENERATE_SYMBOLS = YES;
				SWIFT_APPROACHABLE_CONCURRENCY = YES;
				SWIFT_DEFAULT_ACTOR_ISOLATION = MainActor;
				SWIFT_EMIT_LOC_STRINGS = YES;
				SWIFT_UPCOMING_FEATURE_MEMBER_IMPORT_VISIBILITY = YES;
				SWIFT_VERSION = 5.0;
				TARGETED_DEVICE_FAMILY = "1,2";
			};
			name = Release;
		};
		A55827572F41F31A009F639E /* Debug */ = {
			isa = XCBuildConfiguration;
			buildSettings = {
				ALWAYS_SEARCH_USER_PATHS = NO;
				ASSETCATALOG_COMPILER_GENERATE_SWIFT_ASSET_SYMBOL_EXTENSIONS = YES;
				CLANG_ANALYZER_NONNULL = YES;
				CLANG_ANALYZER_NUMBER_OBJECT_CONVERSION = YES_AGGRESSIVE;
				CLANG_CXX_LANGUAGE_STANDARD = "gnu++20";
				CLANG_ENABLE_MODULES = YES;
				CLANG_ENABLE_OBJC_ARC = YES;
				CLANG_ENABLE_OBJC_WEAK = YES;
				CLANG_WARN_BLOCK_CAPTURE_AUTORELEASING = YES;
				CLANG_WARN_BOOL_CONVERSION = YES;
				CLANG_WARN_COMMA = YES;
				CLANG_WARN_CONSTANT_CONVERSION = YES;
				CLANG_WARN_DEPRECATED_OBJC_IMPLEMENTATIONS = YES;
				CLANG_WARN_DIRECT_OBJC_ISA_USAGE = YES_ERROR;
				CLANG_WARN_DOCUMENTATION_COMMENTS = YES;
				CLANG_WARN_EMPTY_BODY = YES;
				CLANG_WARN_ENUM_CONVERSION = YES;
				CLANG_WARN_INFINITE_RECURSION = YES;
				CLANG_WARN_INT_CONVERSION = YES;
				CLANG_WARN_NON_LITERAL_NULL_CONVERSION = YES;
				CLANG_WARN_OBJC_IMPLICIT_RETAIN_SELF = YES;
				CLANG_WARN_OBJC_LITERAL_CONVERSION = YES;
				CLANG_WARN_OBJC_ROOT_CLASS = YES_ERROR;
				CLANG_WARN_QUOTED_INCLUDE_IN_FRAMEWORK_HEADER = YES;
				CLANG_WARN_RANGE_LOOP_ANALYSIS = YES;
				CLANG_WARN_STRICT_PROTOTYPES = YES;
				CLANG_WARN_SUSPICIOUS_MOVE = YES;
				CLANG_WARN_UNGUARDED_AVAILABILITY = YES_AGGRESSIVE;
				CLANG_WARN_UNREACHABLE_CODE = YES;
				CLANG_WARN__DUPLICATE_METHOD_MATCH = YES;
				COPY_PHASE_STRIP = NO;
				DEBUG_INFORMATION_FORMAT = dwarf;
				DEVELOPMENT_TEAM = 8728U8N5VJ;
				ENABLE_STRICT_OBJC_MSGSEND = YES;
				ENABLE_TESTABILITY = YES;
				ENABLE_USER_SCRIPT_SANDBOXING = YES;
				GCC_C_LANGUAGE_STANDARD = gnu17;
				GCC_DYNAMIC_NO_PIC = NO;
				GCC_NO_COMMON_BLOCKS = YES;
				GCC_OPTIMIZATION_LEVEL = 0;
				GCC_PREPROCESSOR_DEFINITIONS = (
					"DEBUG=1",
					"$(inherited)",
				);
				GCC_WARN_64_TO_32_BIT_CONVERSION = YES;
				GCC_WARN_ABOUT_RETURN_TYPE = YES_ERROR;
				GCC_WARN_UNDECLARED_SELECTOR = YES;
				GCC_WARN_UNINITIALIZED_AUTOS = YES_AGGRESSIVE;
				GCC_WARN_UNUSED_FUNCTION = YES;
				GCC_WARN_UNUSED_VARIABLE = YES;
				IPHONEOS_DEPLOYMENT_TARGET = 26.2;
				LOCALIZATION_PREFERS_STRING_CATALOGS = YES;
				MTL_ENABLE_DEBUG_INFO = INCLUDE_SOURCE;
				MTL_FAST_MATH = YES;
				ONLY_ACTIVE_ARCH = YES;
				SDKROOT = iphoneos;
				SWIFT_ACTIVE_COMPILATION_CONDITIONS = "DEBUG $(inherited)";
				SWIFT_OPTIMIZATION_LEVEL = "-Onone";
			};
			name = Debug;
		};
		A55827582F41F31A009F639E /* Release */ = {
			isa = XCBuildConfiguration;
			buildSettings = {
				ALWAYS_SEARCH_USER_PATHS = NO;
				ASSETCATALOG_COMPILER_GENERATE_SWIFT_ASSET_SYMBOL_EXTENSIONS = YES;
				CLANG_ANALYZER_NONNULL = YES;
				CLANG_ANALYZER_NUMBER_OBJECT_CONVERSION = YES_AGGRESSIVE;
				CLANG_CXX_LANGUAGE_STANDARD = "gnu++20";
				CLANG_ENABLE_MODULES = YES;
				CLANG_ENABLE_OBJC_ARC = YES;
				CLANG_ENABLE_OBJC_WEAK = YES;
				CLANG_WARN_BLOCK_CAPTURE_AUTORELEASING = YES;
				CLANG_WARN_BOOL_CONVERSION = YES;
				CLANG_WARN_COMMA = YES;
				CLANG_WARN_CONSTANT_CONVERSION = YES;
				CLANG_WARN_DEPRECATED_OBJC_IMPLEMENTATIONS = YES;
				CLANG_WARN_DIRECT_OBJC_ISA_USAGE = YES_ERROR;
				CLANG_WARN_DOCUMENTATION_COMMENTS = YES;
				CLANG_WARN_EMPTY_BODY = YES;
				CLANG_WARN_ENUM_CONVERSION = YES;
				CLANG_WARN_INFINITE_RECURSION = YES;
				CLANG_WARN_INT_CONVERSION = YES;
				CLANG_WARN_NON_LITERAL_NULL_CONVERSION = YES;
				CLANG_WARN_OBJC_IMPLICIT_RETAIN_SELF = YES;
				CLANG_WARN_OBJC_LITERAL_CONVERSION = YES;
				CLANG_WARN_OBJC_ROOT_CLASS = YES_ERROR;
				CLANG_WARN_QUOTED_INCLUDE_IN_FRAMEWORK_HEADER = YES;
				CLANG_WARN_RANGE_LOOP_ANALYSIS = YES;
				CLANG_WARN_STRICT_PROTOTYPES = YES;
				CLANG_WARN_SUSPICIOUS_MOVE = YES;
				CLANG_WARN_UNGUARDED_AVAILABILITY = YES_AGGRESSIVE;
				CLANG_WARN_UNREACHABLE_CODE = YES;
				CLANG_WARN__DUPLICATE_METHOD_MATCH = YES;
				COPY_PHASE_STRIP = NO;
				DEBUG_INFORMATION_FORMAT = "dwarf-with-dsym";
				DEVELOPMENT_TEAM = 8728U8N5VJ;
				ENABLE_NS_ASSERTIONS = NO;
				ENABLE_STRICT_OBJC_MSGSEND = YES;
				ENABLE_USER_SCRIPT_SANDBOXING = YES;
				GCC_C_LANGUAGE_STANDARD = gnu17;
				GCC_NO_COMMON_BLOCKS = YES;
				GCC_WARN_64_TO_32_BIT_CONVERSION = YES;
				GCC_WARN_ABOUT_RETURN_TYPE = YES_ERROR;
				GCC_WARN_UNDECLARED_SELECTOR = YES;
				GCC_WARN_UNINITIALIZED_AUTOS = YES_AGGRESSIVE;
				GCC_WARN_UNUSED_FUNCTION = YES;
				GCC_WARN_UNUSED_VARIABLE = YES;
				IPHONEOS_DEPLOYMENT_TARGET = 26.2;
				LOCALIZATION_PREFERS_STRING_CATALOGS = YES;
				MTL_ENABLE_DEBUG_INFO = NO;
				MTL_FAST_MATH = YES;
				SDKROOT = iphoneos;
				SWIFT_COMPILATION_MODE = wholemodule;
				VALIDATE_PRODUCT = YES;
			};
			name = Release;
		};
		A558275A2F41F31A009F639E /* Debug */ = {
			isa = XCBuildConfiguration;
			baseConfigurationReference = 092D0964FB7BFFB0877323B5 /* Pods-NeonAppTests.debug.xcconfig */;
			buildSettings = {
				BUNDLE_LOADER = "$(TEST_HOST)";
				CODE_SIGN_STYLE = Automatic;
				CURRENT_PROJECT_VERSION = 1;
				DEVELOPMENT_TEAM = 8728U8N5VJ;
				GENERATE_INFOPLIST_FILE = YES;
				IPHONEOS_DEPLOYMENT_TARGET = 26.2;
				MARKETING_VERSION = 1.0;
				PRODUCT_BUNDLE_IDENTIFIER = com.neon.todolistTests;
				PRODUCT_NAME = "$(TARGET_NAME)";
				STRING_CATALOG_GENERATE_SYMBOLS = NO;
				SWIFT_APPROACHABLE_CONCURRENCY = YES;
				SWIFT_EMIT_LOC_STRINGS = NO;
				SWIFT_UPCOMING_FEATURE_MEMBER_IMPORT_VISIBILITY = YES;
				SWIFT_VERSION = 5.0;
				TARGETED_DEVICE_FAMILY = "1,2";
				TEST_HOST = "$(BUILT_PRODUCTS_DIR)/NeonApp.app/$(BUNDLE_EXECUTABLE_FOLDER_PATH)/NeonApp";
			};
			name = Debug;
		};
		A558275B2F41F31A009F639E /* Release */ = {
			isa = XCBuildConfiguration;
			baseConfigurationReference = 30AE23CE68AAC8C3E43CE9D2 /* Pods-NeonAppTests.release.xcconfig */;
			buildSettings = {
				BUNDLE_LOADER = "$(TEST_HOST)";
				CODE_SIGN_STYLE = Automatic;
				CURRENT_PROJECT_VERSION = 1;
				DEVELOPMENT_TEAM = 8728U8N5VJ;
				GENERATE_INFOPLIST_FILE = YES;
				IPHONEOS_DEPLOYMENT_TARGET = 26.2;
				MARKETING_VERSION = 1.0;
				PRODUCT_BUNDLE_IDENTIFIER = com.neon.todolistTests;
				PRODUCT_NAME = "$(TARGET_NAME)";
				STRING_CATALOG_GENERATE_SYMBOLS = NO;
				SWIFT_APPROACHABLE_CONCURRENCY = YES;
				SWIFT_EMIT_LOC_STRINGS = NO;
				SWIFT_UPCOMING_FEATURE_MEMBER_IMPORT_VISIBILITY = YES;
				SWIFT_VERSION = 5.0;
				TARGETED_DEVICE_FAMILY = "1,2";
				TEST_HOST = "$(BUILT_PRODUCTS_DIR)/NeonApp.app/$(BUNDLE_EXECUTABLE_FOLDER_PATH)/NeonApp";
			};
			name = Release;
		};
		A558275D2F41F31A009F639E /* Debug */ = {
			isa = XCBuildConfiguration;
			baseConfigurationReference = F84D354D313F100552C9DF35 /* Pods-NeonAppUITests.debug.xcconfig */;
			buildSettings = {
				CODE_SIGN_STYLE = Automatic;
				CURRENT_PROJECT_VERSION = 1;
				DEVELOPMENT_TEAM = 8728U8N5VJ;
				GENERATE_INFOPLIST_FILE = YES;
				MARKETING_VERSION = 1.0;
				PRODUCT_BUNDLE_IDENTIFIER = com.neon.todolistUITests;
				PRODUCT_NAME = "$(TARGET_NAME)";
				STRING_CATALOG_GENERATE_SYMBOLS = NO;
				SWIFT_APPROACHABLE_CONCURRENCY = YES;
				SWIFT_EMIT_LOC_STRINGS = NO;
				SWIFT_UPCOMING_FEATURE_MEMBER_IMPORT_VISIBILITY = YES;
				SWIFT_VERSION = 5.0;
				TARGETED_DEVICE_FAMILY = "1,2";
				TEST_TARGET_NAME = NeonApp;
			};
			name = Debug;
		};
		A558275E2F41F31A009F639E /* Release */ = {
			isa = XCBuildConfiguration;
			baseConfigurationReference = 65BF31461E1295BEA8CA4ACC /* Pods-NeonAppUITests.release.xcconfig */;
			buildSettings = {
				CODE_SIGN_STYLE = Automatic;
				CURRENT_PROJECT_VERSION = 1;
				DEVELOPMENT_TEAM = 8728U8N5VJ;
				GENERATE_INFOPLIST_FILE = YES;
				MARKETING_VERSION = 1.0;
				PRODUCT_BUNDLE_IDENTIFIER = com.neon.todolistUITests;
				PRODUCT_NAME = "$(TARGET_NAME)";
				STRING_CATALOG_GENERATE_SYMBOLS = NO;
				SWIFT_APPROACHABLE_CONCURRENCY = YES;
				SWIFT_EMIT_LOC_STRINGS = NO;
				SWIFT_UPCOMING_FEATURE_MEMBER_IMPORT_VISIBILITY = YES;
				SWIFT_VERSION = 5.0;
				TARGETED_DEVICE_FAMILY = "1,2";
				TEST_TARGET_NAME = NeonApp;
			};
			name = Release;
		};
/* End XCBuildConfiguration section */

/* Begin XCConfigurationList section */
		A55827262F41F319009F639E /* Build configuration list for PBXProject "NeonApp" */ = {
			isa = XCConfigurationList;
			buildConfigurations = (
				A55827572F41F31A009F639E /* Debug */,
				A55827582F41F31A009F639E /* Release */,
			);
			defaultConfigurationIsVisible = 0;
			defaultConfigurationName = Release;
		};
		A55827542F41F31A009F639E /* Build configuration list for PBXNativeTarget "NeonApp" */ = {
			isa = XCConfigurationList;
			buildConfigurations = (
				A55827552F41F31A009F639E /* Debug */,
				A55827562F41F31A009F639E /* Release */,
			);
			defaultConfigurationIsVisible = 0;
			defaultConfigurationName = Release;
		};
		A55827592F41F31A009F639E /* Build configuration list for PBXNativeTarget "NeonAppTests" */ = {
			isa = XCConfigurationList;
			buildConfigurations = (
				A558275A2F41F31A009F639E /* Debug */,
				A558275B2F41F31A009F639E /* Release */,
			);
			defaultConfigurationIsVisible = 0;
			defaultConfigurationName = Release;
		};
		A558275C2F41F31A009F639E /* Build configuration list for PBXNativeTarget "NeonAppUITests" */ = {
			isa = XCConfigurationList;
			buildConfigurations = (
				A558275D2F41F31A009F639E /* Debug */,
				A558275E2F41F31A009F639E /* Release */,
			);
			defaultConfigurationIsVisible = 0;
			defaultConfigurationName = Release;
		};
/* End XCConfigurationList section */
	};
	rootObject = A55827232F41F319009F639E /* Project object */;
}
